<Solution>
  <Folder Name="/src/" />
  <Folder Name="/src/Api/">
    <Project Path="src/Api/HermesZoneTorba.Api/HermesZoneTorba.Api.csproj" />
  </Folder>
  <Folder Name="/src/Core/">
    <Project Path="src/Core/HermesZoneTorba.Application/HermesZoneTorba.Application.csproj" />
    <Project Path="src/Core/HermesZoneTorba.Domain/HermesZoneTorba.Domain.csproj" />
  </Folder>
  <Folder Name="/src/Infrastructure/">
    <Project Path="src/Infrastructure/HermesZoneTorba.Infrastructure/HermesZoneTorba.Infrastructure.csproj" />
  </Folder>
  <Folder Name="/tests/">
    <Project Path="tests/HermesZoneTorba.Application.UnitTests/HermesZoneTorba.Application.UnitTests.csproj" />
    <Project Path="tests/HermesZoneTorba.Architecture.Tests/HermesZoneTorba.Architecture.Tests.csproj" />
    <Project Path="tests/HermesZoneTorba.Domain.UnitTests/HermesZoneTorba.Domain.UnitTests.csproj" />
  </Folder>
</Solution>
